
Microsoft Visual Studio Solution File, Format Version 12.00
# Visual Studio Version 16
VisualStudioVersion = 16.0.31410.357
MinimumVisualStudioVersion = 10.0.40219.1
Project("{9A19103F-16F7-4668-BE54-9A1E7A4F7556}") = "WebViewTesting", "WebViewTesting\WebViewTesting.csproj", "{919F139F-84CE-46C4-96F9-F3104D1B8470}"
EndProject
Global
	GlobalSection(SolutionConfigurationPlatforms) = preSolution
		Debug|Any CPU = Debug|Any CPU
		Release|Any CPU = Release|Any CPU
	EndGlobalSection
	GlobalSection(ProjectConfigurationPlatforms) = postSolution
		{919F139F-84CE-46C4-96F9-F3104D1B8470}.Debug|Any CPU.ActiveCfg = Debug|Any CPU
		{919F139F-84CE-46C4-96F9-F3104D1B8470}.Debug|Any CPU.Build.0 = Debug|Any CPU
		{919F139F-84CE-46C4-96F9-F3104D1B8470}.Release|Any CPU.ActiveCfg = Release|Any CPU
		{919F139F-84CE-46C4-96F9-F3104D1B8470}.Release|Any CPU.Build.0 = Release|Any CPU
	EndGlobalSection
	GlobalSection(SolutionProperties) = preSolution
		HideSolutionNode = FALSE
	EndGlobalSection
	GlobalSection(ExtensibilityGlobals) = postSolution
		SolutionGuid = {ACC580F4-BE95-4CE0-A3DF-E1DA6D8330F5}
	EndGlobalSection
EndGlobal
